// !$*UTF8*$!
{
	archiveVersion = 1;
	classes = {
	};
	objectVersion = 54;
	objects = {

/* Begin PBXBuildFile section */
		2D0BDEA82AAD835000A91728 /* gun_s_kids_iOSApp.swift in Sources */ = {isa = PBXBuildFile; fileRef = 2D0BDEA72AAD835000A91728 /* gun_s_kids_iOSApp.swift */; };
		2D0BDEAA2AAD835000A91728 /* ContentView.swift in Sources */ = {isa = PBXBuildFile; fileRef = 2D0BDEA92AAD835000A91728 /* ContentView.swift */; };
		2D0BDEAC2AAD835100A91728 /* Assets.xcassets in Resources */ = {isa = PBXBuildFile; fileRef = 2D0BDEAB2AAD835100A91728 /* Assets.xcassets */; };
		2D0BDEAF2AAD835100A91728 /* Preview Assets.xcassets in Resources */ = {isa = PBXBuildFile; fileRef = 2D0BDEAE2AAD835100A91728 /* Preview Assets.xcassets */; };
		2D5E37D92ACA9DBD003EA3FC /* ColorExtension.swift in Sources */ = {isa = PBXBuildFile; fileRef = 2D5E37D82ACA9DBD003EA3FC /* ColorExtension.swift */; };
		2DA4A8B92AB5544D006E1342 /* LoginView.swift in Sources */ = {isa = PBXBuildFile; fileRef = 2DA4A8B82AB5544D006E1342 /* LoginView.swift */; };
		2DA4A8BB2AB565CD006E1342 /* PressableButtonStyle.swift in Sources */ = {isa = PBXBuildFile; fileRef = 2DA4A8BA2AB565CD006E1342 /* PressableButtonStyle.swift */; };
		2DA4A8BD2AB57589006E1342 /* SignUpView.swift in Sources */ = {isa = PBXBuildFile; fileRef = 2DA4A8BC2AB57589006E1342 /* SignUpView.swift */; };
		2DA4A8BF2AB57B84006E1342 /* AuthMailView.swift in Sources */ = {isa = PBXBuildFile; fileRef = 2DA4A8BE2AB57B84006E1342 /* AuthMailView.swift */; };
		2DA4A8C52AC949BF006E1342 /* SetMailView.swift in Sources */ = {isa = PBXBuildFile; fileRef = 2DA4A8C42AC949BF006E1342 /* SetMailView.swift */; };
		7C93057ACC44BDBB32C71DB0 /* Pods_gun_s_kids_iOS.framework in Frameworks */ = {isa = PBXBuildFile; fileRef = 1A499A11E81026D74CEEC582 /* Pods_gun_s_kids_iOS.framework */; };
/* End PBXBuildFile section */

/* Begin PBXFileReference section */
		1A499A11E81026D74CEEC582 /* Pods_gun_s_kids_iOS.framework */ = {isa = PBXFileReference; explicitFileType = wrapper.framework; includeInIndex = 0; path = Pods_gun_s_kids_iOS.framework; sourceTree = BUILT_PRODUCTS_DIR; };
		2D0BDEA42AAD835000A91728 /* gun-s-kids-iOS.app */ = {isa = PBXFileReference; explicitFileType = wrapper.application; includeInIndex = 0; path = "gun-s-kids-iOS.app"; sourceTree = BUILT_PRODUCTS_DIR; };
		2D0BDEA72AAD835000A91728 /* gun_s_kids_iOSApp.swift */ = {isa = PBXFileReference; lastKnownFileType = sourcecode.swift; path = gun_s_kids_iOSApp.swift; sourceTree = "<group>"; };
		2D0BDEA92AAD835000A91728 /* ContentView.swift */ = {isa = PBXFileReference; lastKnownFileType = sourcecode.swift; path = ContentView.swift; sourceTree = "<group>"; usesTabs = 0; };
		2D0BDEAB2AAD835100A91728 /* Assets.xcassets */ = {isa = PBXFileReference; lastKnownFileType = folder.assetcatalog; path = Assets.xcassets; sourceTree = "<group>"; };
		2D0BDEAE2AAD835100A91728 /* Preview Assets.xcassets */ = {isa = PBXFileReference; lastKnownFileType = folder.assetcatalog; path = "Preview Assets.xcassets"; sourceTree = "<group>"; };
		2D5E37D82ACA9DBD003EA3FC /* ColorExtension.swift */ = {isa = PBXFileReference; lastKnownFileType = sourcecode.swift; path = ColorExtension.swift; sourceTree = "<group>"; };
		2DA4A8B82AB5544D006E1342 /* LoginView.swift */ = {isa = PBXFileReference; lastKnownFileType = sourcecode.swift; path = LoginView.swift; sourceTree = "<group>"; };
		2DA4A8BA2AB565CD006E1342 /* PressableButtonStyle.swift */ = {isa = PBXFileReference; lastKnownFileType = sourcecode.swift; path = PressableButtonStyle.swift; sourceTree = "<group>"; };
		2DA4A8BC2AB57589006E1342 /* SignUpView.swift */ = {isa = PBXFileReference; lastKnownFileType = sourcecode.swift; path = SignUpView.swift; sourceTree = "<group>"; };
		2DA4A8BE2AB57B84006E1342 /* AuthMailView.swift */ = {isa = PBXFileReference; lastKnownFileType = sourcecode.swift; path = AuthMailView.swift; sourceTree = "<group>"; };
		2DA4A8C42AC949BF006E1342 /* SetMailView.swift */ = {isa = PBXFileReference; lastKnownFileType = sourcecode.swift; path = SetMailView.swift; sourceTree = "<group>"; };
		E496886060BBF58A05059625 /* Pods-gun-s-kids-iOS.debug.xcconfig */ = {isa = PBXFileReference; includeInIndex = 1; lastKnownFileType = text.xcconfig; name = "Pods-gun-s-kids-iOS.debug.xcconfig"; path = "Target Support Files/Pods-gun-s-kids-iOS/Pods-gun-s-kids-iOS.debug.xcconfig"; sourceTree = "<group>"; };
		ECC2B3C2B3F367B5F92A5903 /* Pods-gun-s-kids-iOS.release.xcconfig */ = {isa = PBXFileReference; includeInIndex = 1; lastKnownFileType = text.xcconfig; name = "Pods-gun-s-kids-iOS.release.xcconfig"; path = "Target Support Files/Pods-gun-s-kids-iOS/Pods-gun-s-kids-iOS.release.xcconfig"; sourceTree = "<group>"; };
/* End PBXFileReference section */

/* Begin PBXFrameworksBuildPhase section */
		2D0BDEA12AAD835000A91728 /* Frameworks */ = {
			isa = PBXFrameworksBuildPhase;
			buildActionMask = 2147483647;
			files = (
				7C93057ACC44BDBB32C71DB0 /* Pods_gun_s_kids_iOS.framework in Frameworks */,
			);
			runOnlyForDeploymentPostprocessing = 0;
		};
/* End PBXFrameworksBuildPhase section */

/* Begin PBXGroup section */
		2D0BDE9B2AAD835000A91728 = {
			isa = PBXGroup;
			children = (
				2D0BDEA62AAD835000A91728 /* gun-s-kids-iOS */,
				2D0BDEA52AAD835000A91728 /* Products */,
				2F6B5D0A0C8180F2E8852B2F /* Pods */,
				45E9D9487BCEAD3D9EBBF5EF /* Frameworks */,
			);
			sourceTree = "<group>";
		};
		2D0BDEA52AAD835000A91728 /* Products */ = {
			isa = PBXGroup;
			children = (
				2D0BDEA42AAD835000A91728 /* gun-s-kids-iOS.app */,
			);
			name = Products;
			sourceTree = "<group>";
		};
		2D0BDEA62AAD835000A91728 /* gun-s-kids-iOS */ = {
			isa = PBXGroup;
			children = (
				99CAC7522ACFC6B90070B64E /* Feature */,
				99CAC7512ACFC6A90070B64E /* Global */,
				2D0BDEAD2AAD835100A91728 /* Preview Content */,
			);
			path = "gun-s-kids-iOS";
			sourceTree = "<group>";
		};
		2D0BDEAD2AAD835100A91728 /* Preview Content */ = {
			isa = PBXGroup;
			children = (
				2D0BDEAE2AAD835100A91728 /* Preview Assets.xcassets */,
			);
			path = "Preview Content";
			sourceTree = "<group>";
		};
		2F6B5D0A0C8180F2E8852B2F /* Pods */ = {
			isa = PBXGroup;
			children = (
				E496886060BBF58A05059625 /* Pods-gun-s-kids-iOS.debug.xcconfig */,
				ECC2B3C2B3F367B5F92A5903 /* Pods-gun-s-kids-iOS.release.xcconfig */,
			);
			path = Pods;
			sourceTree = "<group>";
		};
		45E9D9487BCEAD3D9EBBF5EF /* Frameworks */ = {
			isa = PBXGroup;
			children = (
				1A499A11E81026D74CEEC582 /* Pods_gun_s_kids_iOS.framework */,
			);
			name = Frameworks;
			sourceTree = "<group>";
		};
		99CAC7512ACFC6A90070B64E /* Global */ = {
			isa = PBXGroup;
			children = (
				2DA4A8BA2AB565CD006E1342 /* PressableButtonStyle.swift */,
				2D0BDEA72AAD835000A91728 /* gun_s_kids_iOSApp.swift */,
				2D0BDEAB2AAD835100A91728 /* Assets.xcassets */,
			);
			path = Global;
			sourceTree = "<group>";
		};
		99CAC7522ACFC6B90070B64E /* Feature */ = {
			isa = PBXGroup;
			children = (
				99CAC7532ACFC6D60070B64E /* Auth */,
				99CAC7572ACFC8340070B64E /* ClubDetail */,
				99CAC7562ACFC8280070B64E /* MyClub */,
				99CAC7552ACFC7F70070B64E /* ClubList */,
				99CAC7542ACFC79F0070B64E /* Profile */,
				2D0BDEA92AAD835000A91728 /* ContentView.swift */,
			);
			path = Feature;
			sourceTree = "<group>";
		};
		99CAC7532ACFC6D60070B64E /* Auth */ = {
			isa = PBXGroup;
			children = (
				2DA4A8B82AB5544D006E1342 /* LoginView.swift */,
				2DA4A8C42AC949BF006E1342 /* SetMailView.swift */,
				2DA4A8BE2AB57B84006E1342 /* AuthMailView.swift */,
				2DA4A8BC2AB57589006E1342 /* SignUpView.swift */,
			);
			path = Auth;
			sourceTree = "<group>";
		};
		99CAC7542ACFC79F0070B64E /* Profile */ = {
			isa = PBXGroup;
			children = (
			);
			path = Profile;
			sourceTree = "<group>";
		};
		99CAC7552ACFC7F70070B64E /* ClubList */ = {
			isa = PBXGroup;
			children = (
			);
			path = ClubList;
			sourceTree = "<group>";
		};
		99CAC7562ACFC8280070B64E /* MyClub */ = {
			isa = PBXGroup;
			children = (
			);
			path = MyClub;
			sourceTree = "<group>";
		};
		99CAC7572ACFC8340070B64E /* ClubDetail */ = {
			isa = PBXGroup;
			children = (
			);
			path = ClubDetail;
			sourceTree = "<group>";
		};
/* End PBXGroup section */

/* Begin PBXNativeTarget section */
		2D0BDEA32AAD835000A91728 /* gun-s-kids-iOS */ = {
			isa = PBXNativeTarget;
			buildConfigurationList = 2D0BDEB22AAD835100A91728 /* Build configuration list for PBXNativeTarget "gun-s-kids-iOS" */;
			buildPhases = (
				92E5CF10C5EBBD21EC144727 /* [CP] Check Pods Manifest.lock */,
				2D0BDEA02AAD835000A91728 /* Sources */,
				2D0BDEA12AAD835000A91728 /* Frameworks */,
				2D0BDEA22AAD835000A91728 /* Resources */,
				98D04803AA7EE5F95F628C1B /* [CP] Embed Pods Frameworks */,
			);
			buildRules = (
			);
			dependencies = (
			);
			name = "gun-s-kids-iOS";
			productName = "gun-s-kids-iOS";
			productReference = 2D0BDEA42AAD835000A91728 /* gun-s-kids-iOS.app */;
			productType = "com.apple.product-type.application";
		};
/* End PBXNativeTarget section */

/* Begin PBXProject section */
		2D0BDE9C2AAD835000A91728 /* Project object */ = {
			isa = PBXProject;
			attributes = {
				BuildIndependentTargetsInParallel = 1;
				LastSwiftUpdateCheck = 1400;
				LastUpgradeCheck = 1400;
				TargetAttributes = {
					2D0BDEA32AAD835000A91728 = {
						CreatedOnToolsVersion = 14.0;
					};
				};
			};
			buildConfigurationList = 2D0BDE9F2AAD835000A91728 /* Build configuration list for PBXProject "gun-s-kids-iOS" */;
			compatibilityVersion = "Xcode 12.0";
			developmentRegion = en;
			hasScannedForEncodings = 0;
			knownRegions = (
				en,
				Base,
			);
			mainGroup = 2D0BDE9B2AAD835000A91728;
			productRefGroup = 2D0BDEA52AAD835000A91728 /* Products */;
			projectDirPath = "";
			projectRoot = "";
			targets = (
				2D0BDEA32AAD835000A91728 /* gun-s-kids-iOS */,
			);
		};
/* End PBXProject section */

/* Begin PBXResourcesBuildPhase section */
		2D0BDEA22AAD835000A91728 /* Resources */ = {
			isa = PBXResourcesBuildPhase;
			buildActionMask = 2147483647;
			files = (
				2D0BDEAF2AAD835100A91728 /* Preview Assets.xcassets in Resources */,
				2D0BDEAC2AAD835100A91728 /* Assets.xcassets in Resources */,
			);
			runOnlyForDeploymentPostprocessing = 0;
		};
/* End PBXResourcesBuildPhase section */

/* Begin PBXShellScriptBuildPhase section */
		92E5CF10C5EBBD21EC144727 /* [CP] Check Pods Manifest.lock */ = {
			isa = PBXShellScriptBuildPhase;
			buildActionMask = 2147483647;
			files = (
			);
			inputFileListPaths = (
			);
			inputPaths = (
				"${PODS_PODFILE_DIR_PATH}/Podfile.lock",
				"${PODS_ROOT}/Manifest.lock",
			);
			name = "[CP] Check Pods Manifest.lock";
			outputFileListPaths = (
			);
			outputPaths = (
				"$(DERIVED_FILE_DIR)/Pods-gun-s-kids-iOS-checkManifestLockResult.txt",
			);
			runOnlyForDeploymentPostprocessing = 0;
			shellPath = /bin/sh;
			shellScript = "diff \"${PODS_PODFILE_DIR_PATH}/Podfile.lock\" \"${PODS_ROOT}/Manifest.lock\" > /dev/null\nif [ $? != 0 ] ; then\n    # print error to STDERR\n    echo \"error: The sandbox is not in sync with the Podfile.lock. Run 'pod install' or update your CocoaPods installation.\" >&2\n    exit 1\nfi\n# This output is used by Xcode 'outputs' to avoid re-running this script phase.\necho \"SUCCESS\" > \"${SCRIPT_OUTPUT_FILE_0}\"\n";
			showEnvVarsInLog = 0;
		};
		98D04803AA7EE5F95F628C1B /* [CP] Embed Pods Frameworks */ = {
			isa = PBXShellScriptBuildPhase;
			buildActionMask = 2147483647;
			files = (
			);
			inputFileListPaths = (
				"${PODS_ROOT}/Target Support Files/Pods-gun-s-kids-iOS/Pods-gun-s-kids-iOS-frameworks-${CONFIGURATION}-input-files.xcfilelist",
			);
			name = "[CP] Embed Pods Frameworks";
			outputFileListPaths = (
				"${PODS_ROOT}/Target Support Files/Pods-gun-s-kids-iOS/Pods-gun-s-kids-iOS-frameworks-${CONFIGURATION}-output-files.xcfilelist",
			);
			runOnlyForDeploymentPostprocessing = 0;
			shellPath = /bin/sh;
			shellScript = "\"${PODS_ROOT}/Target Support Files/Pods-gun-s-kids-iOS/Pods-gun-s-kids-iOS-frameworks.sh\"\n";
			showEnvVarsInLog = 0;
		};
/* End PBXShellScriptBuildPhase section */

/* Begin PBXSourcesBuildPhase section */
		2D0BDEA02AAD835000A91728 /* Sources */ = {
			isa = PBXSourcesBuildPhase;
			buildActionMask = 2147483647;
			files = (
				2DA4A8B92AB5544D006E1342 /* LoginView.swift in Sources */,
				2DA4A8BF2AB57B84006E1342 /* AuthMailView.swift in Sources */,
				2D5E37D92ACA9DBD003EA3FC /* ColorExtension.swift in Sources */,
				2DA4A8BD2AB57589006E1342 /* SignUpView.swift in Sources */,
				2D0BDEAA2AAD835000A91728 /* ContentView.swift in Sources */,
				2D0BDEA82AAD835000A91728 /* gun_s_kids_iOSApp.swift in Sources */,
				2DA4A8C52AC949BF006E1342 /* SetMailView.swift in Sources */,
				2DA4A8BB2AB565CD006E1342 /* PressableButtonStyle.swift in Sources */,
			);
			runOnlyForDeploymentPostprocessing = 0;
		};
/* End PBXSourcesBuildPhase section */

/* Begin XCBuildConfiguration section */
		2D0BDEB02AAD835100A91728 /* Debug */ = {
			isa = XCBuildConfiguration;
			buildSettings = {
				ALWAYS_SEARCH_USER_PATHS = NO;
				CLANG_ANALYZER_NONNULL = YES;
				CLANG_ANALYZER_NUMBER_OBJECT_CONVERSION = YES_AGGRESSIVE;
				CLANG_CXX_LANGUAGE_STANDARD = "gnu++20";
				CLANG_ENABLE_MODULES = YES;
				CLANG_ENABLE_OBJC_ARC = YES;
				CLANG_ENABLE_OBJC_WEAK = YES;
				CLANG_WARN_BLOCK_CAPTURE_AUTORELEASING = YES;
				CLANG_WARN_BOOL_CONVERSION = YES;
				CLANG_WARN_COMMA = YES;
				CLANG_WARN_CONSTANT_CONVERSION = YES;
				CLANG_WARN_DEPRECATED_OBJC_IMPLEMENTATIONS = YES;
				CLANG_WARN_DIRECT_OBJC_ISA_USAGE = YES_ERROR;
				CLANG_WARN_DOCUMENTATION_COMMENTS = YES;
				CLANG_WARN_EMPTY_BODY = YES;
				CLANG_WARN_ENUM_CONVERSION = YES;
				CLANG_WARN_INFINITE_RECURSION = YES;
				CLANG_WARN_INT_CONVERSION = YES;
				CLANG_WARN_NON_LITERAL_NULL_CONVERSION = YES;
				CLANG_WARN_OBJC_IMPLICIT_RETAIN_SELF = YES;
				CLANG_WARN_OBJC_LITERAL_CONVERSION = YES;
				CLANG_WARN_OBJC_ROOT_CLASS = YES_ERROR;
				CLANG_WARN_QUOTED_INCLUDE_IN_FRAMEWORK_HEADER = YES;
				CLANG_WARN_RANGE_LOOP_ANALYSIS = YES;
				CLANG_WARN_STRICT_PROTOTYPES = YES;
				CLANG_WARN_SUSPICIOUS_MOVE = YES;
				CLANG_WARN_UNGUARDED_AVAILABILITY = YES_AGGRESSIVE;
				CLANG_WARN_UNREACHABLE_CODE = YES;
				CLANG_WARN__DUPLICATE_METHOD_MATCH = YES;
				COPY_PHASE_STRIP = NO;
				DEBUG_INFORMATION_FORMAT = dwarf;
				ENABLE_STRICT_OBJC_MSGSEND = YES;
				ENABLE_TESTABILITY = YES;
				GCC_C_LANGUAGE_STANDARD = gnu11;
				GCC_DYNAMIC_NO_PIC = NO;
				GCC_NO_COMMON_BLOCKS = YES;
				GCC_OPTIMIZATION_LEVEL = 0;
				GCC_PREPROCESSOR_DEFINITIONS = (
					"DEBUG=1",
					"$(inherited)",
				);
				GCC_WARN_64_TO_32_BIT_CONVERSION = YES;
				GCC_WARN_ABOUT_RETURN_TYPE = YES_ERROR;
				GCC_WARN_UNDECLARED_SELECTOR = YES;
				GCC_WARN_UNINITIALIZED_AUTOS = YES_AGGRESSIVE;
				GCC_WARN_UNUSED_FUNCTION = YES;
				GCC_WARN_UNUSED_VARIABLE = YES;
				IPHONEOS_DEPLOYMENT_TARGET = 16.0;
				MTL_ENABLE_DEBUG_INFO = INCLUDE_SOURCE;
				MTL_FAST_MATH = YES;
				ONLY_ACTIVE_ARCH = YES;
				SDKROOT = iphoneos;
				SWIFT_ACTIVE_COMPILATION_CONDITIONS = DEBUG;
				SWIFT_OPTIMIZATION_LEVEL = "-Onone";
			};
			name = Debug;
		};
		2D0BDEB12AAD835100A91728 /* Release */ = {
			isa = XCBuildConfiguration;
			buildSettings = {
				ALWAYS_SEARCH_USER_PATHS = NO;
				CLANG_ANALYZER_NONNULL = YES;
				CLANG_ANALYZER_NUMBER_OBJECT_CONVERSION = YES_AGGRESSIVE;
				CLANG_CXX_LANGUAGE_STANDARD = "gnu++20";
				CLANG_ENABLE_MODULES = YES;
				CLANG_ENABLE_OBJC_ARC = YES;
				CLANG_ENABLE_OBJC_WEAK = YES;
				CLANG_WARN_BLOCK_CAPTURE_AUTORELEASING = YES;
				CLANG_WARN_BOOL_CONVERSION = YES;
				CLANG_WARN_COMMA = YES;
				CLANG_WARN_CONSTANT_CONVERSION = YES;
				CLANG_WARN_DEPRECATED_OBJC_IMPLEMENTATIONS = YES;
				CLANG_WARN_DIRECT_OBJC_ISA_USAGE = YES_ERROR;
				CLANG_WARN_DOCUMENTATION_COMMENTS = YES;
				CLANG_WARN_EMPTY_BODY = YES;
				CLANG_WARN_ENUM_CONVERSION = YES;
				CLANG_WARN_INFINITE_RECURSION = YES;
				CLANG_WARN_INT_CONVERSION = YES;
				CLANG_WARN_NON_LITERAL_NULL_CONVERSION = YES;
				CLANG_WARN_OBJC_IMPLICIT_RETAIN_SELF = YES;
				CLANG_WARN_OBJC_LITERAL_CONVERSION = YES;
				CLANG_WARN_OBJC_ROOT_CLASS = YES_ERROR;
				CLANG_WARN_QUOTED_INCLUDE_IN_FRAMEWORK_HEADER = YES;
				CLANG_WARN_RANGE_LOOP_ANALYSIS = YES;
				CLANG_WARN_STRICT_PROTOTYPES = YES;
				CLANG_WARN_SUSPICIOUS_MOVE = YES;
				CLANG_WARN_UNGUARDED_AVAILABILITY = YES_AGGRESSIVE;
				CLANG_WARN_UNREACHABLE_CODE = YES;
				CLANG_WARN__DUPLICATE_METHOD_MATCH = YES;
				COPY_PHASE_STRIP = NO;
				DEBUG_INFORMATION_FORMAT = "dwarf-with-dsym";
				ENABLE_NS_ASSERTIONS = NO;
				ENABLE_STRICT_OBJC_MSGSEND = YES;
				GCC_C_LANGUAGE_STANDARD = gnu11;
				GCC_NO_COMMON_BLOCKS = YES;
				GCC_WARN_64_TO_32_BIT_CONVERSION = YES;
				GCC_WARN_ABOUT_RETURN_TYPE = YES_ERROR;
				GCC_WARN_UNDECLARED_SELECTOR = YES;
				GCC_WARN_UNINITIALIZED_AUTOS = YES_AGGRESSIVE;
				GCC_WARN_UNUSED_FUNCTION = YES;
				GCC_WARN_UNUSED_VARIABLE = YES;
				IPHONEOS_DEPLOYMENT_TARGET = 16.0;
				MTL_ENABLE_DEBUG_INFO = NO;
				MTL_FAST_MATH = YES;
				SDKROOT = iphoneos;
				SWIFT_COMPILATION_MODE = wholemodule;
				SWIFT_OPTIMIZATION_LEVEL = "-O";
				VALIDATE_PRODUCT = YES;
			};
			name = Release;
		};
		2D0BDEB32AAD835100A91728 /* Debug */ = {
			isa = XCBuildConfiguration;
			baseConfigurationReference = E496886060BBF58A05059625 /* Pods-gun-s-kids-iOS.debug.xcconfig */;
			buildSettings = {
				ASSETCATALOG_COMPILER_APPICON_NAME = AppIcon;
				ASSETCATALOG_COMPILER_GLOBAL_ACCENT_COLOR_NAME = AccentColor;
				CODE_SIGN_STYLE = Automatic;
				CURRENT_PROJECT_VERSION = 1;
				DEVELOPMENT_ASSET_PATHS = "\"gun-s-kids-iOS/Preview Content\"";
				DEVELOPMENT_TEAM = U3443QN3X7;
				ENABLE_PREVIEWS = YES;
				GENERATE_INFOPLIST_FILE = YES;
				INFOPLIST_KEY_UIApplicationSceneManifest_Generation = YES;
				INFOPLIST_KEY_UIApplicationSupportsIndirectInputEvents = YES;
				INFOPLIST_KEY_UILaunchScreen_Generation = YES;
				INFOPLIST_KEY_UISupportedInterfaceOrientations_iPad = "UIInterfaceOrientationPortrait UIInterfaceOrientationPortraitUpsideDown UIInterfaceOrientationLandscapeLeft UIInterfaceOrientationLandscapeRight";
				INFOPLIST_KEY_UISupportedInterfaceOrientations_iPhone = "UIInterfaceOrientationPortrait UIInterfaceOrientationLandscapeLeft UIInterfaceOrientationLandscapeRight";
				IPHONEOS_DEPLOYMENT_TARGET = 15.0;
				LD_RUNPATH_SEARCH_PATHS = (
					"$(inherited)",
					"@executable_path/Frameworks",
				);
				MARKETING_VERSION = 1.0;
				PRODUCT_BUNDLE_IDENTIFIER = "com.datasturucter.gun-s-kids-iOS";
				PRODUCT_NAME = "$(TARGET_NAME)";
				SWIFT_EMIT_LOC_STRINGS = YES;
				SWIFT_VERSION = 5.0;
				TARGETED_DEVICE_FAMILY = "1,2";
			};
			name = Debug;
		};
		2D0BDEB42AAD835100A91728 /* Release */ = {
			isa = XCBuildConfiguration;
			baseConfigurationReference = ECC2B3C2B3F367B5F92A5903 /* Pods-gun-s-kids-iOS.release.xcconfig */;
			buildSettings = {
				ASSETCATALOG_COMPILER_APPICON_NAME = AppIcon;
				ASSETCATALOG_COMPILER_GLOBAL_ACCENT_COLOR_NAME = AccentColor;
				CODE_SIGN_STYLE = Automatic;
				CURRENT_PROJECT_VERSION = 1;
				DEVELOPMENT_ASSET_PATHS = "\"gun-s-kids-iOS/Preview Content\"";
				DEVELOPMENT_TEAM = U3443QN3X7;
				ENABLE_PREVIEWS = YES;
				GENERATE_INFOPLIST_FILE = YES;
				INFOPLIST_KEY_UIApplicationSceneManifest_Generation = YES;
				INFOPLIST_KEY_UIApplicationSupportsIndirectInputEvents = YES;
				INFOPLIST_KEY_UILaunchScreen_Generation = YES;
				INFOPLIST_KEY_UISupportedInterfaceOrientations_iPad = "UIInterfaceOrientationPortrait UIInterfaceOrientationPortraitUpsideDown UIInterfaceOrientationLandscapeLeft UIInterfaceOrientationLandscapeRight";
				INFOPLIST_KEY_UISupportedInterfaceOrientations_iPhone = "UIInterfaceOrientationPortrait UIInterfaceOrientationLandscapeLeft UIInterfaceOrientationLandscapeRight";
				IPHONEOS_DEPLOYMENT_TARGET = 15.0;
				LD_RUNPATH_SEARCH_PATHS = (
					"$(inherited)",
					"@executable_path/Frameworks",
				);
				MARKETING_VERSION = 1.0;
				PRODUCT_BUNDLE_IDENTIFIER = "com.datasturucter.gun-s-kids-iOS";
				PRODUCT_NAME = "$(TARGET_NAME)";
				SWIFT_EMIT_LOC_STRINGS = YES;
				SWIFT_VERSION = 5.0;
				TARGETED_DEVICE_FAMILY = "1,2";
			};
			name = Release;
		};
/* End XCBuildConfiguration section */

/* Begin XCConfigurationList section */
		2D0BDE9F2AAD835000A91728 /* Build configuration list for PBXProject "gun-s-kids-iOS" */ = {
			isa = XCConfigurationList;
			buildConfigurations = (
				2D0BDEB02AAD835100A91728 /* Debug */,
				2D0BDEB12AAD835100A91728 /* Release */,
			);
			defaultConfigurationIsVisible = 0;
			defaultConfigurationName = Release;
		};
		2D0BDEB22AAD835100A91728 /* Build configuration list for PBXNativeTarget "gun-s-kids-iOS" */ = {
			isa = XCConfigurationList;
			buildConfigurations = (
				2D0BDEB32AAD835100A91728 /* Debug */,
				2D0BDEB42AAD835100A91728 /* Release */,
			);
			defaultConfigurationIsVisible = 0;
			defaultConfigurationName = Release;
		};
/* End XCConfigurationList section */
	};
	rootObject = 2D0BDE9C2AAD835000A91728 /* Project object */;
}
